
Microsoft Visual Studio Solution File, Format Version 12.00
# Visual Studio Version 17
VisualStudioVersion = 17.12.35707.178 d17.12
MinimumVisualStudioVersion = 10.0.40219.1
Project("{8BC9CEB8-8B4A-11D0-8D11-00A0C91BC942}") = "WindowsProject1", "WindowsProject1.vcxproj", "{99487383-D9B5-4096-8581-0BB5E2BEE923}"
EndProject
Project("{54435603-DBB4-11D2-8724-00A0C9A8B90C}") = "Setup1", "..\Setup1\Setup1.vdproj", "{77CF7959-A93B-4589-A515-410BF0EC1A12}"
EndProject
Global
	GlobalSection(SolutionConfigurationPlatforms) = preSolution
		Debug|x64 = Debug|x64
		Debug|x86 = Debug|x86
		Release|x64 = Release|x64
		Release|x86 = Release|x86
	EndGlobalSection
	GlobalSection(ProjectConfigurationPlatforms) = postSolution
		{99487383-D9B5-4096-8581-0BB5E2BEE923}.Debug|x64.ActiveCfg = Debug|x64
		{99487383-D9B5-4096-8581-0BB5E2BEE923}.Debug|x64.Build.0 = Debug|x64
		{99487383-D9B5-4096-8581-0BB5E2BEE923}.Debug|x86.ActiveCfg = Debug|Win32
		{99487383-D9B5-4096-8581-0BB5E2BEE923}.Debug|x86.Build.0 = Debug|Win32
		{99487383-D9B5-4096-8581-0BB5E2BEE923}.Release|x64.ActiveCfg = Release|x64
		{99487383-D9B5-4096-8581-0BB5E2BEE923}.Release|x64.Build.0 = Release|x64
		{99487383-D9B5-4096-8581-0BB5E2BEE923}.Release|x86.ActiveCfg = Release|Win32
		{99487383-D9B5-4096-8581-0BB5E2BEE923}.Release|x86.Build.0 = Release|Win32
		{77CF7959-A93B-4589-A515-410BF0EC1A12}.Debug|x64.ActiveCfg = Debug
		{77CF7959-A93B-4589-A515-410BF0EC1A12}.Debug|x86.ActiveCfg = Debug
		{77CF7959-A93B-4589-A515-410BF0EC1A12}.Release|x64.ActiveCfg = Release
		{77CF7959-A93B-4589-A515-410BF0EC1A12}.Release|x86.ActiveCfg = Release
	EndGlobalSection
	GlobalSection(SolutionProperties) = preSolution
		HideSolutionNode = FALSE
	EndGlobalSection
EndGlobal
