
Microsoft Visual Studio Solution File, Format Version 12.00
# Visual Studio Version 17
VisualStudioVersion = 17.12.35707.178 d17.12
MinimumVisualStudioVersion = 10.0.40219.1
Project("{FAE04EC0-301F-11D3-BF4B-00C04F79EFBC}") = "WindowsForms4900", "WindowsForms4900.csproj", "{E6A50C0C-E1AF-41E5-BB03-20400F0F6481}"
EndProject
Project("{54435603-DBB4-11D2-8724-00A0C9A8B90C}") = "4900Setup", "..\4900Setup\4900Setup.vdproj", "{000C1384-AA85-413B-95E6-44ED3B0DA49F}"
EndProject
Global
	GlobalSection(SolutionConfigurationPlatforms) = preSolution
		Debug|Any CPU = Debug|Any CPU
		Release|Any CPU = Release|Any CPU
	EndGlobalSection
	GlobalSection(ProjectConfigurationPlatforms) = postSolution
		{E6A50C0C-E1AF-41E5-BB03-20400F0F6481}.Debug|Any CPU.ActiveCfg = Debug|Any CPU
		{E6A50C0C-E1AF-41E5-BB03-20400F0F6481}.Debug|Any CPU.Build.0 = Debug|Any CPU
		{E6A50C0C-E1AF-41E5-BB03-20400F0F6481}.Release|Any CPU.ActiveCfg = Release|Any CPU
		{E6A50C0C-E1AF-41E5-BB03-20400F0F6481}.Release|Any CPU.Build.0 = Release|Any CPU
		{000C1384-AA85-413B-95E6-44ED3B0DA49F}.Debug|Any CPU.ActiveCfg = Debug
		{000C1384-AA85-413B-95E6-44ED3B0DA49F}.Release|Any CPU.ActiveCfg = Release
	EndGlobalSection
	GlobalSection(SolutionProperties) = preSolution
		HideSolutionNode = FALSE
	EndGlobalSection
EndGlobal
